{
    "_readme": [
        "This file locks the dependencies of your project to a known state",
        "Read more about it at https://getcomposer.org/doc/01-basic-usage.md#installing-dependencies",
        "This file is @generated automatically"
    ],
    "content-hash": "d28de8ab7fadcf653ba6638dfc30f42f",
    "packages": [
        {
            "name": "codeeshop/ps-module-logger",
            "version": "0.0.4",
            "source": {
                "type": "git",
                "url": "https://github.com/ECodeeshop/package-ps-module-logger.git",
                "reference": "8f64e3a4bc48280d718705a14db601348b8d5962"
            },
            "dist": {
                "type": "zip",
                "url": "https://api.github.com/repos/ECodeeshop/package-ps-module-logger/zipball/8f64e3a4bc48280d718705a14db601348b8d5962",
                "reference": "8f64e3a4bc48280d718705a14db601348b8d5962",
                "shasum": ""
            },
            "require": {
                "php": ">=5.6.0"
            },
            "type": "library",
            "autoload": {
                "psr-4": {
                    "Codeeshop\\PsModuleLogger\\": "src/"
                }
            },
            "notification-url": "https://packagist.org/downloads/",
            "license": [
                "MIT"
            ],
            "authors": [
                {
                    "name": "Anant Negi",
                    "email": "support@codeeshop.com",
                    "homepage": "https://codeeshop.com",
                    "role": "Developer"
                }
            ],
            "description": "Reusable Logger for PrestaShop modules",
            "keywords": [
                "logger",
                "module",
                "php",
                "prestashop"
            ],
            "support": {
                "issues": "https://github.com/ECodeeshop/package-ps-module-logger/issues",
                "source": "https://github.com/ECodeeshop/package-ps-module-logger/tree/0.0.4"
            },
            "time": "2025-09-30T12:44:22+00:00"
        }
    ],
    "packages-dev": [],
    "aliases": [],
    "minimum-stability": "stable",
    "stability-flags": {},
    "prefer-stable": false,
    "prefer-lowest": false,
    "platform": {
        "php": ">=5.6"
    },
    "platform-dev": {},
    "platform-overrides": {
        "php": "7.4"
    },
    "plugin-api-version": "2.6.0"
}
